// !$*UTF8*$!
{
	archiveVersion = 1;
	classes = {
	};
	objectVersion = 46;
	objects = {

/* Begin PBXBuildFile section */
		F3A6336D1F52EA160042DA3E /* AppDelegate.swift in Sources */ = {isa = PBXBuildFile; fileRef = F3A6336C1F52EA160042DA3E /* AppDelegate.swift */; };
		F3A6336F1F52EA160042DA3E /* ViewController.swift in Sources */ = {isa = PBXBuildFile; fileRef = F3A6336E1F52EA160042DA3E /* ViewController.swift */; };
		F3A633721F52EA160042DA3E /* Main.storyboard in Resources */ = {isa = PBXBuildFile; fileRef = F3A633701F52EA160042DA3E /* Main.storyboard */; };
		F3A633741F52EA160042DA3E /* Assets.xcassets in Resources */ = {isa = PBXBuildFile; fileRef = F3A633731F52EA160042DA3E /* Assets.xcassets */; };
		F3A633771F52EA160042DA3E /* LaunchScreen.storyboard in Resources */ = {isa = PBXBuildFile; fileRef = F3A633751F52EA160042DA3E /* LaunchScreen.storyboard */; };
		F3A633821F52EA160042DA3E /* SafebookTests.swift in Sources */ = {isa = PBXBuildFile; fileRef = F3A633811F52EA160042DA3E /* SafebookTests.swift */; };
		F3A6338D1F52EA160042DA3E /* SafebookUITests.swift in Sources */ = {isa = PBXBuildFile; fileRef = F3A6338C1F52EA160042DA3E /* SafebookUITests.swift */; };
/* End PBXBuildFile section */

/* Begin PBXContainerItemProxy section */
		F3A6337E1F52EA160042DA3E /* PBXContainerItemProxy */ = {
			isa = PBXContainerItemProxy;
			containerPortal = F3A633611F52EA160042DA3E /* Project object */;
			proxyType = 1;
			remoteGlobalIDString = F3A633681F52EA160042DA3E;
			remoteInfo = Safebook;
		};
		F3A633891F52EA160042DA3E /* PBXContainerItemProxy */ = {
			isa = PBXContainerItemProxy;
			containerPortal = F3A633611F52EA160042DA3E /* Project object */;
			proxyType = 1;
			remoteGlobalIDString = F3A633681F52EA160042DA3E;
			remoteInfo = Safebook;
		};
/* End PBXContainerItemProxy section */

/* Begin PBXFileReference section */
		F3A633691F52EA160042DA3E /* Safebook.app */ = {isa = PBXFileReference; explicitFileType = wrapper.application; includeInIndex = 0; path = Safebook.app; sourceTree = BUILT_PRODUCTS_DIR; };
		F3A6336C1F52EA160042DA3E /* AppDelegate.swift */ = {isa = PBXFileReference; lastKnownFileType = sourcecode.swift; path = AppDelegate.swift; sourceTree = "<group>"; };
		F3A6336E1F52EA160042DA3E /* ViewController.swift */ = {isa = PBXFileReference; lastKnownFileType = sourcecode.swift; path = ViewController.swift; sourceTree = "<group>"; };
		F3A633711F52EA160042DA3E /* Base */ = {isa = PBXFileReference; lastKnownFileType = file.storyboard; name = Base; path = Base.lproj/Main.storyboard; sourceTree = "<group>"; };
		F3A633731F52EA160042DA3E /* Assets.xcassets */ = {isa = PBXFileReference; lastKnownFileType = folder.assetcatalog; path = Assets.xcassets; sourceTree = "<group>"; };
		F3A633761F52EA160042DA3E /* Base */ = {isa = PBXFileReference; lastKnownFileType = file.storyboard; name = Base; path = Base.lproj/LaunchScreen.storyboard; sourceTree = "<group>"; };
		F3A633781F52EA160042DA3E /* Info.plist */ = {isa = PBXFileReference; lastKnownFileType = text.plist.xml; path = Info.plist; sourceTree = "<group>"; };
		F3A6337D1F52EA160042DA3E /* SafebookTests.xctest */ = {isa = PBXFileReference; explicitFileType = wrapper.cfbundle; includeInIndex = 0; path = SafebookTests.xctest; sourceTree = BUILT_PRODUCTS_DIR; };
		F3A633811F52EA160042DA3E /* SafebookTests.swift */ = {isa = PBXFileReference; lastKnownFileType = sourcecode.swift; path = SafebookTests.swift; sourceTree = "<group>"; };
		F3A633831F52EA160042DA3E /* Info.plist */ = {isa = PBXFileReference; lastKnownFileType = text.plist.xml; path = Info.plist; sourceTree = "<group>"; };
		F3A633881F52EA160042DA3E /* SafebookUITests.xctest */ = {isa = PBXFileReference; explicitFileType = wrapper.cfbundle; includeInIndex = 0; path = SafebookUITests.xctest; sourceTree = BUILT_PRODUCTS_DIR; };
		F3A6338C1F52EA160042DA3E /* SafebookUITests.swift */ = {isa = PBXFileReference; lastKnownFileType = sourcecode.swift; path = SafebookUITests.swift; sourceTree = "<group>"; };
		F3A6338E1F52EA160042DA3E /* Info.plist */ = {isa = PBXFileReference; lastKnownFileType = text.plist.xml; path = Info.plist; sourceTree = "<group>"; };
/* End PBXFileReference section */

/* Begin PBXFrameworksBuildPhase section */
		F3A633661F52EA160042DA3E /* Frameworks */ = {
			isa = PBXFrameworksBuildPhase;
			buildActionMask = 2147483647;
			files = (
			);
			runOnlyForDeploymentPostprocessing = 0;
		};
		F3A6337A1F52EA160042DA3E /* Frameworks */ = {
			isa = PBXFrameworksBuildPhase;
			buildActionMask = 2147483647;
			files = (
			);
			runOnlyForDeploymentPostprocessing = 0;
		};
		F3A633851F52EA160042DA3E /* Frameworks */ = {
			isa = PBXFrameworksBuildPhase;
			buildActionMask = 2147483647;
			files = (
			);
			runOnlyForDeploymentPostprocessing = 0;
		};
/* End PBXFrameworksBuildPhase section */

/* Begin PBXGroup section */
		F3A633601F52EA160042DA3E = {
			isa = PBXGroup;
			children = (
				F3A6336B1F52EA160042DA3E /* Safebook */,
				F3A633801F52EA160042DA3E /* SafebookTests */,
				F3A6338B1F52EA160042DA3E /* SafebookUITests */,
				F3A6336A1F52EA160042DA3E /* Products */,
			);
			sourceTree = "<group>";
		};
		F3A6336A1F52EA160042DA3E /* Products */ = {
			isa = PBXGroup;
			children = (
				F3A633691F52EA160042DA3E /* Safebook.app */,
				F3A6337D1F52EA160042DA3E /* SafebookTests.xctest */,
				F3A633881F52EA160042DA3E /* SafebookUITests.xctest */,
			);
			name = Products;
			sourceTree = "<group>";
		};
		F3A6336B1F52EA160042DA3E /* Safebook */ = {
			isa = PBXGroup;
			children = (
				F3A6336C1F52EA160042DA3E /* AppDelegate.swift */,
				F3A6336E1F52EA160042DA3E /* ViewController.swift */,
				F3A633701F52EA160042DA3E /* Main.storyboard */,
				F3A633731F52EA160042DA3E /* Assets.xcassets */,
				F3A633751F52EA160042DA3E /* LaunchScreen.storyboard */,
				F3A633781F52EA160042DA3E /* Info.plist */,
			);
			path = Safebook;
			sourceTree = "<group>";
		};
		F3A633801F52EA160042DA3E /* SafebookTests */ = {
			isa = PBXGroup;
			children = (
				F3A633811F52EA160042DA3E /* SafebookTests.swift */,
				F3A633831F52EA160042DA3E /* Info.plist */,
			);
			path = SafebookTests;
			sourceTree = "<group>";
		};
		F3A6338B1F52EA160042DA3E /* SafebookUITests */ = {
			isa = PBXGroup;
			children = (
				F3A6338C1F52EA160042DA3E /* SafebookUITests.swift */,
				F3A6338E1F52EA160042DA3E /* Info.plist */,
			);
			path = SafebookUITests;
			sourceTree = "<group>";
		};
/* End PBXGroup section */

/* Begin PBXNativeTarget section */
		F3A633681F52EA160042DA3E /* Safebook */ = {
			isa = PBXNativeTarget;
			buildConfigurationList = F3A633911F52EA160042DA3E /* Build configuration list for PBXNativeTarget "Safebook" */;
			buildPhases = (
				F3A633651F52EA160042DA3E /* Sources */,
				F3A633661F52EA160042DA3E /* Frameworks */,
				F3A633671F52EA160042DA3E /* Resources */,
			);
			buildRules = (
			);
			dependencies = (
			);
			name = Safebook;
			productName = Safebook;
			productReference = F3A633691F52EA160042DA3E /* Safebook.app */;
			productType = "com.apple.product-type.application";
		};
		F3A6337C1F52EA160042DA3E /* SafebookTests */ = {
			isa = PBXNativeTarget;
			buildConfigurationList = F3A633941F52EA160042DA3E /* Build configuration list for PBXNativeTarget "SafebookTests" */;
			buildPhases = (
				F3A633791F52EA160042DA3E /* Sources */,
				F3A6337A1F52EA160042DA3E /* Frameworks */,
				F3A6337B1F52EA160042DA3E /* Resources */,
			);
			buildRules = (
			);
			dependencies = (
				F3A6337F1F52EA160042DA3E /* PBXTargetDependency */,
			);
			name = SafebookTests;
			productName = SafebookTests;
			productReference = F3A6337D1F52EA160042DA3E /* SafebookTests.xctest */;
			productType = "com.apple.product-type.bundle.unit-test";
		};
		F3A633871F52EA160042DA3E /* SafebookUITests */ = {
			isa = PBXNativeTarget;
			buildConfigurationList = F3A633971F52EA160042DA3E /* Build configuration list for PBXNativeTarget "SafebookUITests" */;
			buildPhases = (
				F3A633841F52EA160042DA3E /* Sources */,
				F3A633851F52EA160042DA3E /* Frameworks */,
				F3A633861F52EA160042DA3E /* Resources */,
			);
			buildRules = (
			);
			dependencies = (
				F3A6338A1F52EA160042DA3E /* PBXTargetDependency */,
			);
			name = SafebookUITests;
			productName = SafebookUITests;
			productReference = F3A633881F52EA160042DA3E /* SafebookUITests.xctest */;
			productType = "com.apple.product-type.bundle.ui-testing";
		};
/* End PBXNativeTarget section */

/* Begin PBXProject section */
		F3A633611F52EA160042DA3E /* Project object */ = {
			isa = PBXProject;
			attributes = {
				LastSwiftUpdateCheck = 0830;
				LastUpgradeCheck = 0830;
				ORGANIZATIONNAME = SafebookApp;
				TargetAttributes = {
					F3A633681F52EA160042DA3E = {
						CreatedOnToolsVersion = 8.3.3;
						DevelopmentTeam = FS3693577H;
						ProvisioningStyle = Automatic;
					};
					F3A6337C1F52EA160042DA3E = {
						CreatedOnToolsVersion = 8.3.3;
						DevelopmentTeam = FS3693577H;
						ProvisioningStyle = Automatic;
						TestTargetID = F3A633681F52EA160042DA3E;
					};
					F3A633871F52EA160042DA3E = {
						CreatedOnToolsVersion = 8.3.3;
						DevelopmentTeam = FS3693577H;
						ProvisioningStyle = Automatic;
						TestTargetID = F3A633681F52EA160042DA3E;
					};
				};
			};
			buildConfigurationList = F3A633641F52EA160042DA3E /* Build configuration list for PBXProject "Safebook" */;
			compatibilityVersion = "Xcode 3.2";
			developmentRegion = English;
			hasScannedForEncodings = 0;
			knownRegions = (
				en,
				Base,
			);
			mainGroup = F3A633601F52EA160042DA3E;
			productRefGroup = F3A6336A1F52EA160042DA3E /* Products */;
			projectDirPath = "";
			projectRoot = "";
			targets = (
				F3A633681F52EA160042DA3E /* Safebook */,
				F3A6337C1F52EA160042DA3E /* SafebookTests */,
				F3A633871F52EA160042DA3E /* SafebookUITests */,
			);
		};
/* End PBXProject section */

/* Begin PBXResourcesBuildPhase section */
		F3A633671F52EA160042DA3E /* Resources */ = {
			isa = PBXResourcesBuildPhase;
			buildActionMask = 2147483647;
			files = (
				F3A633771F52EA160042DA3E /* LaunchScreen.storyboard in Resources */,
				F3A633741F52EA160042DA3E /* Assets.xcassets in Resources */,
				F3A633721F52EA160042DA3E /* Main.storyboard in Resources */,
			);
			runOnlyForDeploymentPostprocessing = 0;
		};
		F3A6337B1F52EA160042DA3E /* Resources */ = {
			isa = PBXResourcesBuildPhase;
			buildActionMask = 2147483647;
			files = (
			);
			runOnlyForDeploymentPostprocessing = 0;
		};
		F3A633861F52EA160042DA3E /* Resources */ = {
			isa = PBXResourcesBuildPhase;
			buildActionMask = 2147483647;
			files = (
			);
			runOnlyForDeploymentPostprocessing = 0;
		};
/* End PBXResourcesBuildPhase section */

/* Begin PBXSourcesBuildPhase section */
		F3A633651F52EA160042DA3E /* Sources */ = {
			isa = PBXSourcesBuildPhase;
			buildActionMask = 2147483647;
			files = (
				F3A6336F1F52EA160042DA3E /* ViewController.swift in Sources */,
				F3A6336D1F52EA160042DA3E /* AppDelegate.swift in Sources */,
			);
			runOnlyForDeploymentPostprocessing = 0;
		};
		F3A633791F52EA160042DA3E /* Sources */ = {
			isa = PBXSourcesBuildPhase;
			buildActionMask = 2147483647;
			files = (
				F3A633821F52EA160042DA3E /* SafebookTests.swift in Sources */,
			);
			runOnlyForDeploymentPostprocessing = 0;
		};
		F3A633841F52EA160042DA3E /* Sources */ = {
			isa = PBXSourcesBuildPhase;
			buildActionMask = 2147483647;
			files = (
				F3A6338D1F52EA160042DA3E /* SafebookUITests.swift in Sources */,
			);
			runOnlyForDeploymentPostprocessing = 0;
		};
/* End PBXSourcesBuildPhase section */

/* Begin PBXTargetDependency section */
		F3A6337F1F52EA160042DA3E /* PBXTargetDependency */ = {
			isa = PBXTargetDependency;
			target = F3A633681F52EA160042DA3E /* Safebook */;
			targetProxy = F3A6337E1F52EA160042DA3E /* PBXContainerItemProxy */;
		};
		F3A6338A1F52EA160042DA3E /* PBXTargetDependency */ = {
			isa = PBXTargetDependency;
			target = F3A633681F52EA160042DA3E /* Safebook */;
			targetProxy = F3A633891F52EA160042DA3E /* PBXContainerItemProxy */;
		};
/* End PBXTargetDependency section */

/* Begin PBXVariantGroup section */
		F3A633701F52EA160042DA3E /* Main.storyboard */ = {
			isa = PBXVariantGroup;
			children = (
				F3A633711F52EA160042DA3E /* Base */,
			);
			name = Main.storyboard;
			sourceTree = "<group>";
		};
		F3A633751F52EA160042DA3E /* LaunchScreen.storyboard */ = {
			isa = PBXVariantGroup;
			children = (
				F3A633761F52EA160042DA3E /* Base */,
			);
			name = LaunchScreen.storyboard;
			sourceTree = "<group>";
		};
/* End PBXVariantGroup section */

/* Begin XCBuildConfiguration section */
		F3A6338F1F52EA160042DA3E /* Debug */ = {
			isa = XCBuildConfiguration;
			buildSettings = {
				ALWAYS_SEARCH_USER_PATHS = NO;
				CLANG_ANALYZER_NONNULL = YES;
				CLANG_ANALYZER_NUMBER_OBJECT_CONVERSION = YES_AGGRESSIVE;
				CLANG_CXX_LANGUAGE_STANDARD = "gnu++0x";
				CLANG_CXX_LIBRARY = "libc++";
				CLANG_ENABLE_MODULES = YES;
				CLANG_ENABLE_OBJC_ARC = YES;
				CLANG_WARN_BOOL_CONVERSION = YES;
				CLANG_WARN_CONSTANT_CONVERSION = YES;
				CLANG_WARN_DIRECT_OBJC_ISA_USAGE = YES_ERROR;
				CLANG_WARN_DOCUMENTATION_COMMENTS = YES;
				CLANG_WARN_EMPTY_BODY = YES;
				CLANG_WARN_ENUM_CONVERSION = YES;
				CLANG_WARN_INFINITE_RECURSION = YES;
				CLANG_WARN_INT_CONVERSION = YES;
				CLANG_WARN_OBJC_ROOT_CLASS = YES_ERROR;
				CLANG_WARN_SUSPICIOUS_MOVE = YES;
				CLANG_WARN_UNREACHABLE_CODE = YES;
				CLANG_WARN__DUPLICATE_METHOD_MATCH = YES;
				"CODE_SIGN_IDENTITY[sdk=iphoneos*]" = "iPhone Developer";
				COPY_PHASE_STRIP = NO;
				DEBUG_INFORMATION_FORMAT = dwarf;
				ENABLE_STRICT_OBJC_MSGSEND = YES;
				ENABLE_TESTABILITY = YES;
				GCC_C_LANGUAGE_STANDARD = gnu99;
				GCC_DYNAMIC_NO_PIC = NO;
				GCC_NO_COMMON_BLOCKS = YES;
				GCC_OPTIMIZATION_LEVEL = 0;
				GCC_PREPROCESSOR_DEFINITIONS = (
					"DEBUG=1",
					"$(inherited)",
				);
				GCC_WARN_64_TO_32_BIT_CONVERSION = YES;
				GCC_WARN_ABOUT_RETURN_TYPE = YES_ERROR;
				GCC_WARN_UNDECLARED_SELECTOR = YES;
				GCC_WARN_UNINITIALIZED_AUTOS = YES_AGGRESSIVE;
				GCC_WARN_UNUSED_FUNCTION = YES;
				GCC_WARN_UNUSED_VARIABLE = YES;
				IPHONEOS_DEPLOYMENT_TARGET = 10.3;
				MTL_ENABLE_DEBUG_INFO = YES;
				ONLY_ACTIVE_ARCH = YES;
				SDKROOT = iphoneos;
				SWIFT_ACTIVE_COMPILATION_CONDITIONS = DEBUG;
				SWIFT_OPTIMIZATION_LEVEL = "-Onone";
				TARGETED_DEVICE_FAMILY = "1,2";
			};
			name = Debug;
		};
		F3A633901F52EA160042DA3E /* Release */ = {
			isa = XCBuildConfiguration;
			buildSettings = {
				ALWAYS_SEARCH_USER_PATHS = NO;
				CLANG_ANALYZER_NONNULL = YES;
				CLANG_ANALYZER_NUMBER_OBJECT_CONVERSION = YES_AGGRESSIVE;
				CLANG_CXX_LANGUAGE_STANDARD = "gnu++0x";
				CLANG_CXX_LIBRARY = "libc++";
				CLANG_ENABLE_MODULES = YES;
				CLANG_ENABLE_OBJC_ARC = YES;
				CLANG_WARN_BOOL_CONVERSION = YES;
				CLANG_WARN_CONSTANT_CONVERSION = YES;
				CLANG_WARN_DIRECT_OBJC_ISA_USAGE = YES_ERROR;
				CLANG_WARN_DOCUMENTATION_COMMENTS = YES;
				CLANG_WARN_EMPTY_BODY = YES;
				CLANG_WARN_ENUM_CONVERSION = YES;
				CLANG_WARN_INFINITE_RECURSION = YES;
				CLANG_WARN_INT_CONVERSION = YES;
				CLANG_WARN_OBJC_ROOT_CLASS = YES_ERROR;
				CLANG_WARN_SUSPICIOUS_MOVE = YES;
				CLANG_WARN_UNREACHABLE_CODE = YES;
				CLANG_WARN__DUPLICATE_METHOD_MATCH = YES;
				"CODE_SIGN_IDENTITY[sdk=iphoneos*]" = "iPhone Developer";
				COPY_PHASE_STRIP = NO;
				DEBUG_INFORMATION_FORMAT = "dwarf-with-dsym";
				ENABLE_NS_ASSERTIONS = NO;
				ENABLE_STRICT_OBJC_MSGSEND = YES;
				GCC_C_LANGUAGE_STANDARD = gnu99;
				GCC_NO_COMMON_BLOCKS = YES;
				GCC_WARN_64_TO_32_BIT_CONVERSION = YES;
				GCC_WARN_ABOUT_RETURN_TYPE = YES_ERROR;
				GCC_WARN_UNDECLARED_SELECTOR = YES;
				GCC_WARN_UNINITIALIZED_AUTOS = YES_AGGRESSIVE;
				GCC_WARN_UNUSED_FUNCTION = YES;
				GCC_WARN_UNUSED_VARIABLE = YES;
				IPHONEOS_DEPLOYMENT_TARGET = 10.3;
				MTL_ENABLE_DEBUG_INFO = NO;
				SDKROOT = iphoneos;
				SWIFT_OPTIMIZATION_LEVEL = "-Owholemodule";
				TARGETED_DEVICE_FAMILY = "1,2";
				VALIDATE_PRODUCT = YES;
			};
			name = Release;
		};
		F3A633921F52EA160042DA3E /* Debug */ = {
			isa = XCBuildConfiguration;
			buildSettings = {
				ASSETCATALOG_COMPILER_APPICON_NAME = AppIcon;
				DEVELOPMENT_TEAM = FS3693577H;
				INFOPLIST_FILE = Safebook/Info.plist;
				LD_RUNPATH_SEARCH_PATHS = "$(inherited) @executable_path/Frameworks";
				PRODUCT_BUNDLE_IDENTIFIER = SafebookApp.Safebook;
				PRODUCT_NAME = "$(TARGET_NAME)";
				SWIFT_VERSION = 3.0;
			};
			name = Debug;
		};
		F3A633931F52EA160042DA3E /* Release */ = {
			isa = XCBuildConfiguration;
			buildSettings = {
				ASSETCATALOG_COMPILER_APPICON_NAME = AppIcon;
				DEVELOPMENT_TEAM = FS3693577H;
				INFOPLIST_FILE = Safebook/Info.plist;
				LD_RUNPATH_SEARCH_PATHS = "$(inherited) @executable_path/Frameworks";
				PRODUCT_BUNDLE_IDENTIFIER = SafebookApp.Safebook;
				PRODUCT_NAME = "$(TARGET_NAME)";
				SWIFT_VERSION = 3.0;
			};
			name = Release;
		};
		F3A633951F52EA160042DA3E /* Debug */ = {
			isa = XCBuildConfiguration;
			buildSettings = {
				ALWAYS_EMBED_SWIFT_STANDARD_LIBRARIES = YES;
				BUNDLE_LOADER = "$(TEST_HOST)";
				DEVELOPMENT_TEAM = FS3693577H;
				INFOPLIST_FILE = SafebookTests/Info.plist;
				LD_RUNPATH_SEARCH_PATHS = "$(inherited) @executable_path/Frameworks @loader_path/Frameworks";
				PRODUCT_BUNDLE_IDENTIFIER = SafebookApp.SafebookTests;
				PRODUCT_NAME = "$(TARGET_NAME)";
				SWIFT_VERSION = 3.0;
				TEST_HOST = "$(BUILT_PRODUCTS_DIR)/Safebook.app/Safebook";
			};
			name = Debug;
		};
		F3A633961F52EA160042DA3E /* Release */ = {
			isa = XCBuildConfiguration;
			buildSettings = {
				ALWAYS_EMBED_SWIFT_STANDARD_LIBRARIES = YES;
				BUNDLE_LOADER = "$(TEST_HOST)";
				DEVELOPMENT_TEAM = FS3693577H;
				INFOPLIST_FILE = SafebookTests/Info.plist;
				LD_RUNPATH_SEARCH_PATHS = "$(inherited) @executable_path/Frameworks @loader_path/Frameworks";
				PRODUCT_BUNDLE_IDENTIFIER = SafebookApp.SafebookTests;
				PRODUCT_NAME = "$(TARGET_NAME)";
				SWIFT_VERSION = 3.0;
				TEST_HOST = "$(BUILT_PRODUCTS_DIR)/Safebook.app/Safebook";
			};
			name = Release;
		};
		F3A633981F52EA160042DA3E /* Debug */ = {
			isa = XCBuildConfiguration;
			buildSettings = {
				ALWAYS_EMBED_SWIFT_STANDARD_LIBRARIES = YES;
				DEVELOPMENT_TEAM = FS3693577H;
				INFOPLIST_FILE = SafebookUITests/Info.plist;
				LD_RUNPATH_SEARCH_PATHS = "$(inherited) @executable_path/Frameworks @loader_path/Frameworks";
				PRODUCT_BUNDLE_IDENTIFIER = SafebookApp.SafebookUITests;
				PRODUCT_NAME = "$(TARGET_NAME)";
				SWIFT_VERSION = 3.0;
				TEST_TARGET_NAME = Safebook;
			};
			name = Debug;
		};
		F3A633991F52EA160042DA3E /* Release */ = {
			isa = XCBuildConfiguration;
			buildSettings = {
				ALWAYS_EMBED_SWIFT_STANDARD_LIBRARIES = YES;
				DEVELOPMENT_TEAM = FS3693577H;
				INFOPLIST_FILE = SafebookUITests/Info.plist;
				LD_RUNPATH_SEARCH_PATHS = "$(inherited) @executable_path/Frameworks @loader_path/Frameworks";
				PRODUCT_BUNDLE_IDENTIFIER = SafebookApp.SafebookUITests;
				PRODUCT_NAME = "$(TARGET_NAME)";
				SWIFT_VERSION = 3.0;
				TEST_TARGET_NAME = Safebook;
			};
			name = Release;
		};
/* End XCBuildConfiguration section */

/* Begin XCConfigurationList section */
		F3A633641F52EA160042DA3E /* Build configuration list for PBXProject "Safebook" */ = {
			isa = XCConfigurationList;
			buildConfigurations = (
				F3A6338F1F52EA160042DA3E /* Debug */,
				F3A633901F52EA160042DA3E /* Release */,
			);
			defaultConfigurationIsVisible = 0;
			defaultConfigurationName = Release;
		};
		F3A633911F52EA160042DA3E /* Build configuration list for PBXNativeTarget "Safebook" */ = {
			isa = XCConfigurationList;
			buildConfigurations = (
				F3A633921F52EA160042DA3E /* Debug */,
				F3A633931F52EA160042DA3E /* Release */,
			);
			defaultConfigurationIsVisible = 0;
		};
		F3A633941F52EA160042DA3E /* Build configuration list for PBXNativeTarget "SafebookTests" */ = {
			isa = XCConfigurationList;
			buildConfigurations = (
				F3A633951F52EA160042DA3E /* Debug */,
				F3A633961F52EA160042DA3E /* Release */,
			);
			defaultConfigurationIsVisible = 0;
		};
		F3A633971F52EA160042DA3E /* Build configuration list for PBXNativeTarget "SafebookUITests" */ = {
			isa = XCConfigurationList;
			buildConfigurations = (
				F3A633981F52EA160042DA3E /* Debug */,
				F3A633991F52EA160042DA3E /* Release */,
			);
			defaultConfigurationIsVisible = 0;
		};
/* End XCConfigurationList section */
	};
	rootObject = F3A633611F52EA160042DA3E /* Project object */;
}
