// !$*UTF8*$!
{
	archiveVersion = 1;
	classes = {
	};
	objectVersion = 46;
	objects = {

/* Begin PBXBuildFile section */
		BB4566B848210DC4BC2A38ED /* Pods_Safebook.framework in Frameworks */ = {isa = PBXBuildFile; fileRef = B4B13EE46047427B2EBBB497 /* Pods_Safebook.framework */; };
		F306C7401F8CB4C400C4AFF9 /* DocsViewController.swift in Sources */ = {isa = PBXBuildFile; fileRef = F306C73F1F8CB4C400C4AFF9 /* DocsViewController.swift */; };
		F31C95BE1F5F286300EF0BC0 /* app-store-badge.png in Resources */ = {isa = PBXBuildFile; fileRef = F31C95BB1F5F286300EF0BC0 /* app-store-badge.png */; };
		F31C95BF1F5F286300EF0BC0 /* LICENSE in Resources */ = {isa = PBXBuildFile; fileRef = F31C95BC1F5F286300EF0BC0 /* LICENSE */; };
		F31C95C01F5F286300EF0BC0 /* README.md in Sources */ = {isa = PBXBuildFile; fileRef = F31C95BD1F5F286300EF0BC0 /* README.md */; };
		F31C95C41F5F2A0C00EF0BC0 /* .gitignore in Resources */ = {isa = PBXBuildFile; fileRef = F31C95C31F5F2A0B00EF0BC0 /* .gitignore */; };
		F33163991F80EE4A008795B5 /* SpecViewController.swift in Sources */ = {isa = PBXBuildFile; fileRef = F33163981F80EE4A008795B5 /* SpecViewController.swift */; };
		F331639B1F8143D3008795B5 /* AcceptViewController.swift in Sources */ = {isa = PBXBuildFile; fileRef = F331639A1F8143D3008795B5 /* AcceptViewController.swift */; };
		F3397CBF1F94B7F700122CE8 /* StartViewController.swift in Sources */ = {isa = PBXBuildFile; fileRef = F3397CBE1F94B7F700122CE8 /* StartViewController.swift */; };
		F36251911F8E327400082C41 /* GoogleService-Info.plist in Resources */ = {isa = PBXBuildFile; fileRef = F36251901F8E327400082C41 /* GoogleService-Info.plist */; };
		F3708B0D1F7E1C0D002B66A7 /* SignupVC.swift in Sources */ = {isa = PBXBuildFile; fileRef = F3708B0C1F7E1C0D002B66A7 /* SignupVC.swift */; };
		F3A6336D1F52EA160042DA3E /* AppDelegate.swift in Sources */ = {isa = PBXBuildFile; fileRef = F3A6336C1F52EA160042DA3E /* AppDelegate.swift */; };
		F3A633721F52EA160042DA3E /* Main.storyboard in Resources */ = {isa = PBXBuildFile; fileRef = F3A633701F52EA160042DA3E /* Main.storyboard */; };
		F3A633741F52EA160042DA3E /* Images.xcassets in Resources */ = {isa = PBXBuildFile; fileRef = F3A633731F52EA160042DA3E /* Images.xcassets */; };
		F3A633771F52EA160042DA3E /* LaunchScreen.storyboard in Resources */ = {isa = PBXBuildFile; fileRef = F3A633751F52EA160042DA3E /* LaunchScreen.storyboard */; };
		F3A633821F52EA160042DA3E /* SafebookTests.swift in Sources */ = {isa = PBXBuildFile; fileRef = F3A633811F52EA160042DA3E /* SafebookTests.swift */; };
		F3A6338D1F52EA160042DA3E /* SafebookUITests.swift in Sources */ = {isa = PBXBuildFile; fileRef = F3A6338C1F52EA160042DA3E /* SafebookUITests.swift */; };
		F3A633A41F52EBCF0042DA3E /* Colors.swift in Sources */ = {isa = PBXBuildFile; fileRef = F3A633A31F52EBCF0042DA3E /* Colors.swift */; };
		F3A633A61F52EC000042DA3E /* Defaults.swift in Sources */ = {isa = PBXBuildFile; fileRef = F3A633A51F52EC000042DA3E /* Defaults.swift */; };
		F3A633A81F52EC380042DA3E /* NetworkStatus.swift in Sources */ = {isa = PBXBuildFile; fileRef = F3A633A71F52EC380042DA3E /* NetworkStatus.swift */; };
		F3A633AA1F52EC5B0042DA3E /* LocalizeExtension.swift in Sources */ = {isa = PBXBuildFile; fileRef = F3A633A91F52EC5B0042DA3E /* LocalizeExtension.swift */; };
		F3A633AC1F52EC7E0042DA3E /* ImageLoader.swift in Sources */ = {isa = PBXBuildFile; fileRef = F3A633AB1F52EC7E0042DA3E /* ImageLoader.swift */; };
		F3A633B01F52ECDE0042DA3E /* SettingsVC.swift in Sources */ = {isa = PBXBuildFile; fileRef = F3A633AF1F52ECDE0042DA3E /* SettingsVC.swift */; };
		F3A633B31F52ED1F0042DA3E /* ArticleVC.swift in Sources */ = {isa = PBXBuildFile; fileRef = F3A633B21F52ED1F0042DA3E /* ArticleVC.swift */; };
		F3A633B51F52ED530042DA3E /* ArticleCommentsVC.swift in Sources */ = {isa = PBXBuildFile; fileRef = F3A633B41F52ED530042DA3E /* ArticleCommentsVC.swift */; };
		F3A633B71F52ED790042DA3E /* ArticleCommentsTableViewCell.swift in Sources */ = {isa = PBXBuildFile; fileRef = F3A633B61F52ED790042DA3E /* ArticleCommentsTableViewCell.swift */; };
		F3A633BC1F52EDE10042DA3E /* NewsListVC.swift in Sources */ = {isa = PBXBuildFile; fileRef = F3A633BB1F52EDE10042DA3E /* NewsListVC.swift */; };
		F3A633BE1F52EE1E0042DA3E /* NewsListTableViewCell.swift in Sources */ = {isa = PBXBuildFile; fileRef = F3A633BD1F52EE1E0042DA3E /* NewsListTableViewCell.swift */; };
		F3A633C01F52EF5A0042DA3E /* Podfile in Resources */ = {isa = PBXBuildFile; fileRef = F3A633BF1F52EF5A0042DA3E /* Podfile */; };
		F3A633CC1F52F3A60042DA3E /* Localizable.strings in Resources */ = {isa = PBXBuildFile; fileRef = F3A633CE1F52F3A60042DA3E /* Localizable.strings */; };
		F3CDF3431F7FF97E00432800 /* UserViewController.swift in Sources */ = {isa = PBXBuildFile; fileRef = F3CDF3421F7FF97E00432800 /* UserViewController.swift */; };
/* End PBXBuildFile section */

/* Begin PBXContainerItemProxy section */
		F3A6337E1F52EA160042DA3E /* PBXContainerItemProxy */ = {
			isa = PBXContainerItemProxy;
			containerPortal = F3A633611F52EA160042DA3E /* Project object */;
			proxyType = 1;
			remoteGlobalIDString = F3A633681F52EA160042DA3E;
			remoteInfo = Safebook;
		};
		F3A633891F52EA160042DA3E /* PBXContainerItemProxy */ = {
			isa = PBXContainerItemProxy;
			containerPortal = F3A633611F52EA160042DA3E /* Project object */;
			proxyType = 1;
			remoteGlobalIDString = F3A633681F52EA160042DA3E;
			remoteInfo = Safebook;
		};
/* End PBXContainerItemProxy section */

/* Begin PBXFileReference section */
		2FCD9B2C8783288EA1333667 /* Pods-Safebook.debug.xcconfig */ = {isa = PBXFileReference; includeInIndex = 1; lastKnownFileType = text.xcconfig; name = "Pods-Safebook.debug.xcconfig"; path = "Pods/Target Support Files/Pods-Safebook/Pods-Safebook.debug.xcconfig"; sourceTree = "<group>"; };
		3527FB5363936CD85CA4AED6 /* Pods-Safebook.release.xcconfig */ = {isa = PBXFileReference; includeInIndex = 1; lastKnownFileType = text.xcconfig; name = "Pods-Safebook.release.xcconfig"; path = "Pods/Target Support Files/Pods-Safebook/Pods-Safebook.release.xcconfig"; sourceTree = "<group>"; };
		B4B13EE46047427B2EBBB497 /* Pods_Safebook.framework */ = {isa = PBXFileReference; explicitFileType = wrapper.framework; includeInIndex = 0; path = Pods_Safebook.framework; sourceTree = BUILT_PRODUCTS_DIR; };
		F306C73F1F8CB4C400C4AFF9 /* DocsViewController.swift */ = {isa = PBXFileReference; lastKnownFileType = sourcecode.swift; path = DocsViewController.swift; sourceTree = "<group>"; };
		F31C95BB1F5F286300EF0BC0 /* app-store-badge.png */ = {isa = PBXFileReference; lastKnownFileType = image.png; path = "app-store-badge.png"; sourceTree = "<group>"; };
		F31C95BC1F5F286300EF0BC0 /* LICENSE */ = {isa = PBXFileReference; fileEncoding = 4; lastKnownFileType = text; path = LICENSE; sourceTree = "<group>"; };
		F31C95BD1F5F286300EF0BC0 /* README.md */ = {isa = PBXFileReference; fileEncoding = 4; lastKnownFileType = net.daringfireball.markdown; path = README.md; sourceTree = "<group>"; };
		F31C95C31F5F2A0B00EF0BC0 /* .gitignore */ = {isa = PBXFileReference; fileEncoding = 4; lastKnownFileType = text; path = .gitignore; sourceTree = "<group>"; };
		F33163981F80EE4A008795B5 /* SpecViewController.swift */ = {isa = PBXFileReference; lastKnownFileType = sourcecode.swift; path = SpecViewController.swift; sourceTree = "<group>"; };
		F331639A1F8143D3008795B5 /* AcceptViewController.swift */ = {isa = PBXFileReference; lastKnownFileType = sourcecode.swift; path = AcceptViewController.swift; sourceTree = "<group>"; };
		F3397CBE1F94B7F700122CE8 /* StartViewController.swift */ = {isa = PBXFileReference; lastKnownFileType = sourcecode.swift; path = StartViewController.swift; sourceTree = "<group>"; };
		F36251901F8E327400082C41 /* GoogleService-Info.plist */ = {isa = PBXFileReference; fileEncoding = 4; lastKnownFileType = text.plist.xml; path = "GoogleService-Info.plist"; sourceTree = "<group>"; };
		F3708B0C1F7E1C0D002B66A7 /* SignupVC.swift */ = {isa = PBXFileReference; fileEncoding = 4; lastKnownFileType = sourcecode.swift; path = SignupVC.swift; sourceTree = "<group>"; };
		F373F8691F5341150032A8A9 /* ru */ = {isa = PBXFileReference; lastKnownFileType = text.plist.strings; name = ru; path = ru.lproj/Main.strings; sourceTree = "<group>"; };
		F3A633691F52EA160042DA3E /* Safebook.app */ = {isa = PBXFileReference; explicitFileType = wrapper.application; includeInIndex = 0; path = Safebook.app; sourceTree = BUILT_PRODUCTS_DIR; };
		F3A6336C1F52EA160042DA3E /* AppDelegate.swift */ = {isa = PBXFileReference; lastKnownFileType = sourcecode.swift; path = AppDelegate.swift; sourceTree = "<group>"; };
		F3A633711F52EA160042DA3E /* Base */ = {isa = PBXFileReference; lastKnownFileType = file.storyboard; name = Base; path = Base.lproj/Main.storyboard; sourceTree = "<group>"; };
		F3A633731F52EA160042DA3E /* Images.xcassets */ = {isa = PBXFileReference; lastKnownFileType = folder.assetcatalog; path = Images.xcassets; sourceTree = "<group>"; };
		F3A633761F52EA160042DA3E /* Base */ = {isa = PBXFileReference; lastKnownFileType = file.storyboard; name = Base; path = Base.lproj/LaunchScreen.storyboard; sourceTree = "<group>"; };
		F3A633781F52EA160042DA3E /* Info.plist */ = {isa = PBXFileReference; lastKnownFileType = text.plist.xml; path = Info.plist; sourceTree = "<group>"; };
		F3A6337D1F52EA160042DA3E /* SafebookTests.xctest */ = {isa = PBXFileReference; explicitFileType = wrapper.cfbundle; includeInIndex = 0; path = SafebookTests.xctest; sourceTree = BUILT_PRODUCTS_DIR; };
		F3A633811F52EA160042DA3E /* SafebookTests.swift */ = {isa = PBXFileReference; lastKnownFileType = sourcecode.swift; path = SafebookTests.swift; sourceTree = "<group>"; };
		F3A633831F52EA160042DA3E /* Info.plist */ = {isa = PBXFileReference; lastKnownFileType = text.plist.xml; path = Info.plist; sourceTree = "<group>"; };
		F3A633881F52EA160042DA3E /* SafebookUITests.xctest */ = {isa = PBXFileReference; explicitFileType = wrapper.cfbundle; includeInIndex = 0; path = SafebookUITests.xctest; sourceTree = BUILT_PRODUCTS_DIR; };
		F3A6338C1F52EA160042DA3E /* SafebookUITests.swift */ = {isa = PBXFileReference; lastKnownFileType = sourcecode.swift; path = SafebookUITests.swift; sourceTree = "<group>"; };
		F3A6338E1F52EA160042DA3E /* Info.plist */ = {isa = PBXFileReference; lastKnownFileType = text.plist.xml; path = Info.plist; sourceTree = "<group>"; };
		F3A633A31F52EBCF0042DA3E /* Colors.swift */ = {isa = PBXFileReference; fileEncoding = 4; lastKnownFileType = sourcecode.swift; path = Colors.swift; sourceTree = "<group>"; };
		F3A633A51F52EC000042DA3E /* Defaults.swift */ = {isa = PBXFileReference; fileEncoding = 4; lastKnownFileType = sourcecode.swift; path = Defaults.swift; sourceTree = "<group>"; };
		F3A633A71F52EC380042DA3E /* NetworkStatus.swift */ = {isa = PBXFileReference; fileEncoding = 4; lastKnownFileType = sourcecode.swift; path = NetworkStatus.swift; sourceTree = "<group>"; };
		F3A633A91F52EC5B0042DA3E /* LocalizeExtension.swift */ = {isa = PBXFileReference; fileEncoding = 4; lastKnownFileType = sourcecode.swift; path = LocalizeExtension.swift; sourceTree = "<group>"; };
		F3A633AB1F52EC7E0042DA3E /* ImageLoader.swift */ = {isa = PBXFileReference; fileEncoding = 4; lastKnownFileType = sourcecode.swift; path = ImageLoader.swift; sourceTree = "<group>"; };
		F3A633AF1F52ECDE0042DA3E /* SettingsVC.swift */ = {isa = PBXFileReference; fileEncoding = 4; lastKnownFileType = sourcecode.swift; path = SettingsVC.swift; sourceTree = "<group>"; };
		F3A633B21F52ED1F0042DA3E /* ArticleVC.swift */ = {isa = PBXFileReference; fileEncoding = 4; lastKnownFileType = sourcecode.swift; path = ArticleVC.swift; sourceTree = "<group>"; };
		F3A633B41F52ED530042DA3E /* ArticleCommentsVC.swift */ = {isa = PBXFileReference; fileEncoding = 4; lastKnownFileType = sourcecode.swift; path = ArticleCommentsVC.swift; sourceTree = "<group>"; };
		F3A633B61F52ED790042DA3E /* ArticleCommentsTableViewCell.swift */ = {isa = PBXFileReference; fileEncoding = 4; lastKnownFileType = sourcecode.swift; path = ArticleCommentsTableViewCell.swift; sourceTree = "<group>"; };
		F3A633BB1F52EDE10042DA3E /* NewsListVC.swift */ = {isa = PBXFileReference; fileEncoding = 4; lastKnownFileType = sourcecode.swift; path = NewsListVC.swift; sourceTree = "<group>"; };
		F3A633BD1F52EE1E0042DA3E /* NewsListTableViewCell.swift */ = {isa = PBXFileReference; fileEncoding = 4; lastKnownFileType = sourcecode.swift; path = NewsListTableViewCell.swift; sourceTree = "<group>"; };
		F3A633BF1F52EF5A0042DA3E /* Podfile */ = {isa = PBXFileReference; fileEncoding = 4; lastKnownFileType = text; path = Podfile; sourceTree = "<group>"; xcLanguageSpecificationIdentifier = xcode.lang.ruby; };
		F3A633CD1F52F3A60042DA3E /* ru */ = {isa = PBXFileReference; lastKnownFileType = text.plist.strings; name = ru; path = ru.lproj/Localizable.strings; sourceTree = "<group>"; };
		F3A633CF1F52F3AF0042DA3E /* Base */ = {isa = PBXFileReference; lastKnownFileType = text.plist.strings; name = Base; path = Base.lproj/Localizable.strings; sourceTree = "<group>"; };
		F3CDF3421F7FF97E00432800 /* UserViewController.swift */ = {isa = PBXFileReference; lastKnownFileType = sourcecode.swift; path = UserViewController.swift; sourceTree = "<group>"; };
		F3E48C341F86E9160053D606 /* Safebook.entitlements */ = {isa = PBXFileReference; lastKnownFileType = text.plist.entitlements; path = Safebook.entitlements; sourceTree = "<group>"; };
/* End PBXFileReference section */

/* Begin PBXFrameworksBuildPhase section */
		F3A633661F52EA160042DA3E /* Frameworks */ = {
			isa = PBXFrameworksBuildPhase;
			buildActionMask = 2147483647;
			files = (
				BB4566B848210DC4BC2A38ED /* Pods_Safebook.framework in Frameworks */,
			);
			runOnlyForDeploymentPostprocessing = 0;
		};
		F3A6337A1F52EA160042DA3E /* Frameworks */ = {
			isa = PBXFrameworksBuildPhase;
			buildActionMask = 2147483647;
			files = (
			);
			runOnlyForDeploymentPostprocessing = 0;
		};
		F3A633851F52EA160042DA3E /* Frameworks */ = {
			isa = PBXFrameworksBuildPhase;
			buildActionMask = 2147483647;
			files = (
			);
			runOnlyForDeploymentPostprocessing = 0;
		};
/* End PBXFrameworksBuildPhase section */

/* Begin PBXGroup section */
		35576FA22701383EF2966E7B /* Pods */ = {
			isa = PBXGroup;
			children = (
				2FCD9B2C8783288EA1333667 /* Pods-Safebook.debug.xcconfig */,
				3527FB5363936CD85CA4AED6 /* Pods-Safebook.release.xcconfig */,
			);
			name = Pods;
			sourceTree = "<group>";
		};
		8C1668D5DD6EC5AA699FF046 /* Frameworks */ = {
			isa = PBXGroup;
			children = (
				B4B13EE46047427B2EBBB497 /* Pods_Safebook.framework */,
			);
			name = Frameworks;
			sourceTree = "<group>";
		};
		F306C7411F8CB4D100C4AFF9 /* Docs */ = {
			isa = PBXGroup;
			children = (
				F306C73F1F8CB4C400C4AFF9 /* DocsViewController.swift */,
			);
			name = Docs;
			sourceTree = "<group>";
		};
		F331639D1F81458A008795B5 /* Map */ = {
			isa = PBXGroup;
			children = (
				F3CDF3421F7FF97E00432800 /* UserViewController.swift */,
				F33163981F80EE4A008795B5 /* SpecViewController.swift */,
				F331639A1F8143D3008795B5 /* AcceptViewController.swift */,
			);
			name = Map;
			sourceTree = "<group>";
		};
		F3708B0E1F7E444E002B66A7 /* Signup */ = {
			isa = PBXGroup;
			children = (
				F3708B0C1F7E1C0D002B66A7 /* SignupVC.swift */,
				F3397CBE1F94B7F700122CE8 /* StartViewController.swift */,
			);
			name = Signup;
			sourceTree = "<group>";
		};
		F3A633601F52EA160042DA3E = {
			isa = PBXGroup;
			children = (
				F31C95C31F5F2A0B00EF0BC0 /* .gitignore */,
				F31C95BB1F5F286300EF0BC0 /* app-store-badge.png */,
				F31C95BC1F5F286300EF0BC0 /* LICENSE */,
				F31C95BD1F5F286300EF0BC0 /* README.md */,
				F3A633BF1F52EF5A0042DA3E /* Podfile */,
				F3A6336B1F52EA160042DA3E /* Safebook */,
				F3A633801F52EA160042DA3E /* SafebookTests */,
				F3A6338B1F52EA160042DA3E /* SafebookUITests */,
				F3A6336A1F52EA160042DA3E /* Products */,
				35576FA22701383EF2966E7B /* Pods */,
				8C1668D5DD6EC5AA699FF046 /* Frameworks */,
			);
			sourceTree = "<group>";
		};
		F3A6336A1F52EA160042DA3E /* Products */ = {
			isa = PBXGroup;
			children = (
				F3A633691F52EA160042DA3E /* Safebook.app */,
				F3A6337D1F52EA160042DA3E /* SafebookTests.xctest */,
				F3A633881F52EA160042DA3E /* SafebookUITests.xctest */,
			);
			name = Products;
			sourceTree = "<group>";
		};
		F3A6336B1F52EA160042DA3E /* Safebook */ = {
			isa = PBXGroup;
			children = (
				F3E48C341F86E9160053D606 /* Safebook.entitlements */,
				F3A633C11F52F0010042DA3E /* Supporting Files */,
				F3A633AD1F52EC920042DA3E /* UI */,
				F3A633A21F52EBAE0042DA3E /* Helpers */,
				F3A6339B1F52EAB30042DA3E /* Localizations */,
				F3A6339A1F52EA400042DA3E /* Main */,
				F3A633731F52EA160042DA3E /* Images.xcassets */,
			);
			path = Safebook;
			sourceTree = "<group>";
		};
		F3A633801F52EA160042DA3E /* SafebookTests */ = {
			isa = PBXGroup;
			children = (
				F3A633811F52EA160042DA3E /* SafebookTests.swift */,
				F3A633831F52EA160042DA3E /* Info.plist */,
			);
			path = SafebookTests;
			sourceTree = "<group>";
		};
		F3A6338B1F52EA160042DA3E /* SafebookUITests */ = {
			isa = PBXGroup;
			children = (
				F3A6338C1F52EA160042DA3E /* SafebookUITests.swift */,
				F3A6338E1F52EA160042DA3E /* Info.plist */,
			);
			path = SafebookUITests;
			sourceTree = "<group>";
		};
		F3A6339A1F52EA400042DA3E /* Main */ = {
			isa = PBXGroup;
			children = (
				F3A6336C1F52EA160042DA3E /* AppDelegate.swift */,
			);
			name = Main;
			sourceTree = "<group>";
		};
		F3A6339B1F52EAB30042DA3E /* Localizations */ = {
			isa = PBXGroup;
			children = (
				F3A633CE1F52F3A60042DA3E /* Localizable.strings */,
			);
			name = Localizations;
			sourceTree = "<group>";
		};
		F3A633A21F52EBAE0042DA3E /* Helpers */ = {
			isa = PBXGroup;
			children = (
				F3A633A31F52EBCF0042DA3E /* Colors.swift */,
				F3A633A51F52EC000042DA3E /* Defaults.swift */,
				F3A633A71F52EC380042DA3E /* NetworkStatus.swift */,
				F3A633A91F52EC5B0042DA3E /* LocalizeExtension.swift */,
				F3A633AB1F52EC7E0042DA3E /* ImageLoader.swift */,
			);
			name = Helpers;
			sourceTree = "<group>";
		};
		F3A633AD1F52EC920042DA3E /* UI */ = {
			isa = PBXGroup;
			children = (
				F3A633751F52EA160042DA3E /* LaunchScreen.storyboard */,
				F3A633701F52EA160042DA3E /* Main.storyboard */,
				F3A633BA1F52EDC80042DA3E /* Cases */,
				F3A633B11F52ED080042DA3E /* Article */,
				F3A633AE1F52ECA10042DA3E /* Settings */,
				F3708B0E1F7E444E002B66A7 /* Signup */,
				F331639D1F81458A008795B5 /* Map */,
				F306C7411F8CB4D100C4AFF9 /* Docs */,
			);
			name = UI;
			sourceTree = "<group>";
		};
		F3A633AE1F52ECA10042DA3E /* Settings */ = {
			isa = PBXGroup;
			children = (
				F3A633AF1F52ECDE0042DA3E /* SettingsVC.swift */,
			);
			name = Settings;
			sourceTree = "<group>";
		};
		F3A633B11F52ED080042DA3E /* Article */ = {
			isa = PBXGroup;
			children = (
				F3A633B21F52ED1F0042DA3E /* ArticleVC.swift */,
				F3A633B41F52ED530042DA3E /* ArticleCommentsVC.swift */,
				F3A633B61F52ED790042DA3E /* ArticleCommentsTableViewCell.swift */,
			);
			name = Article;
			sourceTree = "<group>";
		};
		F3A633BA1F52EDC80042DA3E /* Cases */ = {
			isa = PBXGroup;
			children = (
				F3A633BB1F52EDE10042DA3E /* NewsListVC.swift */,
				F3A633BD1F52EE1E0042DA3E /* NewsListTableViewCell.swift */,
			);
			name = Cases;
			sourceTree = "<group>";
		};
		F3A633C11F52F0010042DA3E /* Supporting Files */ = {
			isa = PBXGroup;
			children = (
				F36251901F8E327400082C41 /* GoogleService-Info.plist */,
				F3A633781F52EA160042DA3E /* Info.plist */,
			);
			name = "Supporting Files";
			sourceTree = "<group>";
		};
/* End PBXGroup section */

/* Begin PBXNativeTarget section */
		F3A633681F52EA160042DA3E /* Safebook */ = {
			isa = PBXNativeTarget;
			buildConfigurationList = F3A633911F52EA160042DA3E /* Build configuration list for PBXNativeTarget "Safebook" */;
			buildPhases = (
				E981EAC7475460873C321FF8 /* [CP] Check Pods Manifest.lock */,
				F3A633651F52EA160042DA3E /* Sources */,
				F3A633661F52EA160042DA3E /* Frameworks */,
				F3A633671F52EA160042DA3E /* Resources */,
				DCA9287C8B07C10D1D0E0BF4 /* [CP] Embed Pods Frameworks */,
				F38380A1FD8AEC4E96FB7A80 /* [CP] Copy Pods Resources */,
			);
			buildRules = (
			);
			dependencies = (
			);
			name = Safebook;
			productName = Safebook;
			productReference = F3A633691F52EA160042DA3E /* Safebook.app */;
			productType = "com.apple.product-type.application";
		};
		F3A6337C1F52EA160042DA3E /* SafebookTests */ = {
			isa = PBXNativeTarget;
			buildConfigurationList = F3A633941F52EA160042DA3E /* Build configuration list for PBXNativeTarget "SafebookTests" */;
			buildPhases = (
				F3A633791F52EA160042DA3E /* Sources */,
				F3A6337A1F52EA160042DA3E /* Frameworks */,
				F3A6337B1F52EA160042DA3E /* Resources */,
			);
			buildRules = (
			);
			dependencies = (
				F3A6337F1F52EA160042DA3E /* PBXTargetDependency */,
			);
			name = SafebookTests;
			productName = SafebookTests;
			productReference = F3A6337D1F52EA160042DA3E /* SafebookTests.xctest */;
			productType = "com.apple.product-type.bundle.unit-test";
		};
		F3A633871F52EA160042DA3E /* SafebookUITests */ = {
			isa = PBXNativeTarget;
			buildConfigurationList = F3A633971F52EA160042DA3E /* Build configuration list for PBXNativeTarget "SafebookUITests" */;
			buildPhases = (
				F3A633841F52EA160042DA3E /* Sources */,
				F3A633851F52EA160042DA3E /* Frameworks */,
				F3A633861F52EA160042DA3E /* Resources */,
			);
			buildRules = (
			);
			dependencies = (
				F3A6338A1F52EA160042DA3E /* PBXTargetDependency */,
			);
			name = SafebookUITests;
			productName = SafebookUITests;
			productReference = F3A633881F52EA160042DA3E /* SafebookUITests.xctest */;
			productType = "com.apple.product-type.bundle.ui-testing";
		};
/* End PBXNativeTarget section */

/* Begin PBXProject section */
		F3A633611F52EA160042DA3E /* Project object */ = {
			isa = PBXProject;
			attributes = {
				LastSwiftUpdateCheck = 0830;
				LastUpgradeCheck = 0900;
				ORGANIZATIONNAME = SafebookApp;
				TargetAttributes = {
					F3A633681F52EA160042DA3E = {
						CreatedOnToolsVersion = 8.3.3;
						DevelopmentTeam = FS3693577H;
						LastSwiftMigration = 0900;
						ProvisioningStyle = Automatic;
						SystemCapabilities = {
							com.apple.BackgroundModes = {
								enabled = 1;
							};
							com.apple.Maps.iOS = {
								enabled = 0;
							};
							com.apple.Push = {
								enabled = 0;
							};
						};
					};
					F3A6337C1F52EA160042DA3E = {
						CreatedOnToolsVersion = 8.3.3;
						DevelopmentTeam = FS3693577H;
						LastSwiftMigration = 0900;
						ProvisioningStyle = Automatic;
						TestTargetID = F3A633681F52EA160042DA3E;
					};
					F3A633871F52EA160042DA3E = {
						CreatedOnToolsVersion = 8.3.3;
						DevelopmentTeam = FS3693577H;
						LastSwiftMigration = 0900;
						ProvisioningStyle = Automatic;
						TestTargetID = F3A633681F52EA160042DA3E;
					};
				};
			};
			buildConfigurationList = F3A633641F52EA160042DA3E /* Build configuration list for PBXProject "Safebook" */;
			compatibilityVersion = "Xcode 3.2";
			developmentRegion = English;
			hasScannedForEncodings = 0;
			knownRegions = (
				en,
				Base,
				ru,
			);
			mainGroup = F3A633601F52EA160042DA3E;
			productRefGroup = F3A6336A1F52EA160042DA3E /* Products */;
			projectDirPath = "";
			projectRoot = "";
			targets = (
				F3A633681F52EA160042DA3E /* Safebook */,
				F3A6337C1F52EA160042DA3E /* SafebookTests */,
				F3A633871F52EA160042DA3E /* SafebookUITests */,
			);
		};
/* End PBXProject section */

/* Begin PBXResourcesBuildPhase section */
		F3A633671F52EA160042DA3E /* Resources */ = {
			isa = PBXResourcesBuildPhase;
			buildActionMask = 2147483647;
			files = (
				F31C95C41F5F2A0C00EF0BC0 /* .gitignore in Resources */,
				F3A633771F52EA160042DA3E /* LaunchScreen.storyboard in Resources */,
				F36251911F8E327400082C41 /* GoogleService-Info.plist in Resources */,
				F3A633741F52EA160042DA3E /* Images.xcassets in Resources */,
				F3A633CC1F52F3A60042DA3E /* Localizable.strings in Resources */,
				F31C95BF1F5F286300EF0BC0 /* LICENSE in Resources */,
				F3A633C01F52EF5A0042DA3E /* Podfile in Resources */,
				F3A633721F52EA160042DA3E /* Main.storyboard in Resources */,
				F31C95BE1F5F286300EF0BC0 /* app-store-badge.png in Resources */,
			);
			runOnlyForDeploymentPostprocessing = 0;
		};
		F3A6337B1F52EA160042DA3E /* Resources */ = {
			isa = PBXResourcesBuildPhase;
			buildActionMask = 2147483647;
			files = (
			);
			runOnlyForDeploymentPostprocessing = 0;
		};
		F3A633861F52EA160042DA3E /* Resources */ = {
			isa = PBXResourcesBuildPhase;
			buildActionMask = 2147483647;
			files = (
			);
			runOnlyForDeploymentPostprocessing = 0;
		};
/* End PBXResourcesBuildPhase section */

/* Begin PBXShellScriptBuildPhase section */
		DCA9287C8B07C10D1D0E0BF4 /* [CP] Embed Pods Frameworks */ = {
			isa = PBXShellScriptBuildPhase;
			buildActionMask = 2147483647;
			files = (
			);
			inputPaths = (
			);
			name = "[CP] Embed Pods Frameworks";
			outputPaths = (
			);
			runOnlyForDeploymentPostprocessing = 0;
			shellPath = /bin/sh;
			shellScript = "\"${SRCROOT}/Pods/Target Support Files/Pods-Safebook/Pods-Safebook-frameworks.sh\"\n";
			showEnvVarsInLog = 0;
		};
		E981EAC7475460873C321FF8 /* [CP] Check Pods Manifest.lock */ = {
			isa = PBXShellScriptBuildPhase;
			buildActionMask = 2147483647;
			files = (
			);
			inputPaths = (
			);
			name = "[CP] Check Pods Manifest.lock";
			outputPaths = (
			);
			runOnlyForDeploymentPostprocessing = 0;
			shellPath = /bin/sh;
			shellScript = "diff \"${PODS_PODFILE_DIR_PATH}/Podfile.lock\" \"${PODS_ROOT}/Manifest.lock\" > /dev/null\nif [ $? != 0 ] ; then\n    # print error to STDERR\n    echo \"error: The sandbox is not in sync with the Podfile.lock. Run 'pod install' or update your CocoaPods installation.\" >&2\n    exit 1\nfi\n";
			showEnvVarsInLog = 0;
		};
		F38380A1FD8AEC4E96FB7A80 /* [CP] Copy Pods Resources */ = {
			isa = PBXShellScriptBuildPhase;
			buildActionMask = 2147483647;
			files = (
			);
			inputPaths = (
			);
			name = "[CP] Copy Pods Resources";
			outputPaths = (
			);
			runOnlyForDeploymentPostprocessing = 0;
			shellPath = /bin/sh;
			shellScript = "\"${SRCROOT}/Pods/Target Support Files/Pods-Safebook/Pods-Safebook-resources.sh\"\n";
			showEnvVarsInLog = 0;
		};
/* End PBXShellScriptBuildPhase section */

/* Begin PBXSourcesBuildPhase section */
		F3A633651F52EA160042DA3E /* Sources */ = {
			isa = PBXSourcesBuildPhase;
			buildActionMask = 2147483647;
			files = (
				F3A633B71F52ED790042DA3E /* ArticleCommentsTableViewCell.swift in Sources */,
				F3CDF3431F7FF97E00432800 /* UserViewController.swift in Sources */,
				F331639B1F8143D3008795B5 /* AcceptViewController.swift in Sources */,
				F306C7401F8CB4C400C4AFF9 /* DocsViewController.swift in Sources */,
				F3A633AC1F52EC7E0042DA3E /* ImageLoader.swift in Sources */,
				F3A633AA1F52EC5B0042DA3E /* LocalizeExtension.swift in Sources */,
				F33163991F80EE4A008795B5 /* SpecViewController.swift in Sources */,
				F3A633A61F52EC000042DA3E /* Defaults.swift in Sources */,
				F3A633A41F52EBCF0042DA3E /* Colors.swift in Sources */,
				F3A633BC1F52EDE10042DA3E /* NewsListVC.swift in Sources */,
				F3A633A81F52EC380042DA3E /* NetworkStatus.swift in Sources */,
				F3A6336D1F52EA160042DA3E /* AppDelegate.swift in Sources */,
				F3708B0D1F7E1C0D002B66A7 /* SignupVC.swift in Sources */,
				F3A633B51F52ED530042DA3E /* ArticleCommentsVC.swift in Sources */,
				F3397CBF1F94B7F700122CE8 /* StartViewController.swift in Sources */,
				F31C95C01F5F286300EF0BC0 /* README.md in Sources */,
				F3A633B01F52ECDE0042DA3E /* SettingsVC.swift in Sources */,
				F3A633B31F52ED1F0042DA3E /* ArticleVC.swift in Sources */,
				F3A633BE1F52EE1E0042DA3E /* NewsListTableViewCell.swift in Sources */,
			);
			runOnlyForDeploymentPostprocessing = 0;
		};
		F3A633791F52EA160042DA3E /* Sources */ = {
			isa = PBXSourcesBuildPhase;
			buildActionMask = 2147483647;
			files = (
				F3A633821F52EA160042DA3E /* SafebookTests.swift in Sources */,
			);
			runOnlyForDeploymentPostprocessing = 0;
		};
		F3A633841F52EA160042DA3E /* Sources */ = {
			isa = PBXSourcesBuildPhase;
			buildActionMask = 2147483647;
			files = (
				F3A6338D1F52EA160042DA3E /* SafebookUITests.swift in Sources */,
			);
			runOnlyForDeploymentPostprocessing = 0;
		};
/* End PBXSourcesBuildPhase section */

/* Begin PBXTargetDependency section */
		F3A6337F1F52EA160042DA3E /* PBXTargetDependency */ = {
			isa = PBXTargetDependency;
			target = F3A633681F52EA160042DA3E /* Safebook */;
			targetProxy = F3A6337E1F52EA160042DA3E /* PBXContainerItemProxy */;
		};
		F3A6338A1F52EA160042DA3E /* PBXTargetDependency */ = {
			isa = PBXTargetDependency;
			target = F3A633681F52EA160042DA3E /* Safebook */;
			targetProxy = F3A633891F52EA160042DA3E /* PBXContainerItemProxy */;
		};
/* End PBXTargetDependency section */

/* Begin PBXVariantGroup section */
		F3A633701F52EA160042DA3E /* Main.storyboard */ = {
			isa = PBXVariantGroup;
			children = (
				F3A633711F52EA160042DA3E /* Base */,
				F373F8691F5341150032A8A9 /* ru */,
			);
			name = Main.storyboard;
			sourceTree = "<group>";
		};
		F3A633751F52EA160042DA3E /* LaunchScreen.storyboard */ = {
			isa = PBXVariantGroup;
			children = (
				F3A633761F52EA160042DA3E /* Base */,
			);
			name = LaunchScreen.storyboard;
			sourceTree = "<group>";
		};
		F3A633CE1F52F3A60042DA3E /* Localizable.strings */ = {
			isa = PBXVariantGroup;
			children = (
				F3A633CD1F52F3A60042DA3E /* ru */,
				F3A633CF1F52F3AF0042DA3E /* Base */,
			);
			name = Localizable.strings;
			sourceTree = "<group>";
		};
/* End PBXVariantGroup section */

/* Begin XCBuildConfiguration section */
		F3A6338F1F52EA160042DA3E /* Debug */ = {
			isa = XCBuildConfiguration;
			buildSettings = {
				ALWAYS_SEARCH_USER_PATHS = NO;
				CLANG_ANALYZER_LOCALIZABILITY_NONLOCALIZED = YES;
				CLANG_ANALYZER_NONNULL = YES;
				CLANG_ANALYZER_NUMBER_OBJECT_CONVERSION = YES_AGGRESSIVE;
				CLANG_CXX_LANGUAGE_STANDARD = "gnu++0x";
				CLANG_CXX_LIBRARY = "libc++";
				CLANG_ENABLE_MODULES = YES;
				CLANG_ENABLE_OBJC_ARC = YES;
				CLANG_WARN_BLOCK_CAPTURE_AUTORELEASING = YES;
				CLANG_WARN_BOOL_CONVERSION = YES;
				CLANG_WARN_COMMA = YES;
				CLANG_WARN_CONSTANT_CONVERSION = YES;
				CLANG_WARN_DIRECT_OBJC_ISA_USAGE = YES_ERROR;
				CLANG_WARN_DOCUMENTATION_COMMENTS = YES;
				CLANG_WARN_EMPTY_BODY = YES;
				CLANG_WARN_ENUM_CONVERSION = YES;
				CLANG_WARN_INFINITE_RECURSION = YES;
				CLANG_WARN_INT_CONVERSION = YES;
				CLANG_WARN_NON_LITERAL_NULL_CONVERSION = YES;
				CLANG_WARN_OBJC_LITERAL_CONVERSION = YES;
				CLANG_WARN_OBJC_ROOT_CLASS = YES_ERROR;
				CLANG_WARN_RANGE_LOOP_ANALYSIS = YES;
				CLANG_WARN_STRICT_PROTOTYPES = YES;
				CLANG_WARN_SUSPICIOUS_MOVE = YES;
				CLANG_WARN_UNREACHABLE_CODE = YES;
				CLANG_WARN__DUPLICATE_METHOD_MATCH = YES;
				"CODE_SIGN_IDENTITY[sdk=iphoneos*]" = "iPhone Developer";
				COPY_PHASE_STRIP = NO;
				DEBUG_INFORMATION_FORMAT = dwarf;
				ENABLE_STRICT_OBJC_MSGSEND = YES;
				ENABLE_TESTABILITY = YES;
				GCC_C_LANGUAGE_STANDARD = gnu99;
				GCC_DYNAMIC_NO_PIC = NO;
				GCC_NO_COMMON_BLOCKS = YES;
				GCC_OPTIMIZATION_LEVEL = 0;
				GCC_PREPROCESSOR_DEFINITIONS = (
					"DEBUG=1",
					"$(inherited)",
				);
				GCC_WARN_64_TO_32_BIT_CONVERSION = YES;
				GCC_WARN_ABOUT_RETURN_TYPE = YES_ERROR;
				GCC_WARN_UNDECLARED_SELECTOR = YES;
				GCC_WARN_UNINITIALIZED_AUTOS = YES_AGGRESSIVE;
				GCC_WARN_UNUSED_FUNCTION = YES;
				GCC_WARN_UNUSED_VARIABLE = YES;
				IPHONEOS_DEPLOYMENT_TARGET = 10.3;
				MTL_ENABLE_DEBUG_INFO = YES;
				ONLY_ACTIVE_ARCH = YES;
				SDKROOT = iphoneos;
				SWIFT_ACTIVE_COMPILATION_CONDITIONS = DEBUG;
				SWIFT_OPTIMIZATION_LEVEL = "-Onone";
				TARGETED_DEVICE_FAMILY = "1,2";
			};
			name = Debug;
		};
		F3A633901F52EA160042DA3E /* Release */ = {
			isa = XCBuildConfiguration;
			buildSettings = {
				ALWAYS_SEARCH_USER_PATHS = NO;
				CLANG_ANALYZER_LOCALIZABILITY_NONLOCALIZED = YES;
				CLANG_ANALYZER_NONNULL = YES;
				CLANG_ANALYZER_NUMBER_OBJECT_CONVERSION = YES_AGGRESSIVE;
				CLANG_CXX_LANGUAGE_STANDARD = "gnu++0x";
				CLANG_CXX_LIBRARY = "libc++";
				CLANG_ENABLE_MODULES = YES;
				CLANG_ENABLE_OBJC_ARC = YES;
				CLANG_WARN_BLOCK_CAPTURE_AUTORELEASING = YES;
				CLANG_WARN_BOOL_CONVERSION = YES;
				CLANG_WARN_COMMA = YES;
				CLANG_WARN_CONSTANT_CONVERSION = YES;
				CLANG_WARN_DIRECT_OBJC_ISA_USAGE = YES_ERROR;
				CLANG_WARN_DOCUMENTATION_COMMENTS = YES;
				CLANG_WARN_EMPTY_BODY = YES;
				CLANG_WARN_ENUM_CONVERSION = YES;
				CLANG_WARN_INFINITE_RECURSION = YES;
				CLANG_WARN_INT_CONVERSION = YES;
				CLANG_WARN_NON_LITERAL_NULL_CONVERSION = YES;
				CLANG_WARN_OBJC_LITERAL_CONVERSION = YES;
				CLANG_WARN_OBJC_ROOT_CLASS = YES_ERROR;
				CLANG_WARN_RANGE_LOOP_ANALYSIS = YES;
				CLANG_WARN_STRICT_PROTOTYPES = YES;
				CLANG_WARN_SUSPICIOUS_MOVE = YES;
				CLANG_WARN_UNREACHABLE_CODE = YES;
				CLANG_WARN__DUPLICATE_METHOD_MATCH = YES;
				"CODE_SIGN_IDENTITY[sdk=iphoneos*]" = "iPhone Developer";
				COPY_PHASE_STRIP = NO;
				DEBUG_INFORMATION_FORMAT = "dwarf-with-dsym";
				ENABLE_NS_ASSERTIONS = NO;
				ENABLE_STRICT_OBJC_MSGSEND = YES;
				GCC_C_LANGUAGE_STANDARD = gnu99;
				GCC_NO_COMMON_BLOCKS = YES;
				GCC_WARN_64_TO_32_BIT_CONVERSION = YES;
				GCC_WARN_ABOUT_RETURN_TYPE = YES_ERROR;
				GCC_WARN_UNDECLARED_SELECTOR = YES;
				GCC_WARN_UNINITIALIZED_AUTOS = YES_AGGRESSIVE;
				GCC_WARN_UNUSED_FUNCTION = YES;
				GCC_WARN_UNUSED_VARIABLE = YES;
				IPHONEOS_DEPLOYMENT_TARGET = 10.3;
				MTL_ENABLE_DEBUG_INFO = NO;
				SDKROOT = iphoneos;
				SWIFT_OPTIMIZATION_LEVEL = "-Owholemodule";
				TARGETED_DEVICE_FAMILY = "1,2";
				VALIDATE_PRODUCT = YES;
			};
			name = Release;
		};
		F3A633921F52EA160042DA3E /* Debug */ = {
			isa = XCBuildConfiguration;
			baseConfigurationReference = 2FCD9B2C8783288EA1333667 /* Pods-Safebook.debug.xcconfig */;
			buildSettings = {
				ASSETCATALOG_COMPILER_APPICON_NAME = AppIcon;
				DEVELOPMENT_TEAM = FS3693577H;
				INFOPLIST_FILE = Safebook/Info.plist;
				IPHONEOS_DEPLOYMENT_TARGET = 10.0;
				LD_RUNPATH_SEARCH_PATHS = "$(inherited) @executable_path/Frameworks";
				PRODUCT_BUNDLE_IDENTIFIER = kg.openline.Safebook;
				PRODUCT_NAME = "$(TARGET_NAME)";
				SWIFT_SWIFT3_OBJC_INFERENCE = On;
				SWIFT_VERSION = 4.0;
			};
			name = Debug;
		};
		F3A633931F52EA160042DA3E /* Release */ = {
			isa = XCBuildConfiguration;
			baseConfigurationReference = 3527FB5363936CD85CA4AED6 /* Pods-Safebook.release.xcconfig */;
			buildSettings = {
				ASSETCATALOG_COMPILER_APPICON_NAME = AppIcon;
				DEVELOPMENT_TEAM = FS3693577H;
				INFOPLIST_FILE = Safebook/Info.plist;
				IPHONEOS_DEPLOYMENT_TARGET = 10.0;
				LD_RUNPATH_SEARCH_PATHS = "$(inherited) @executable_path/Frameworks";
				PRODUCT_BUNDLE_IDENTIFIER = kg.openline.Safebook;
				PRODUCT_NAME = "$(TARGET_NAME)";
				SWIFT_SWIFT3_OBJC_INFERENCE = On;
				SWIFT_VERSION = 4.0;
			};
			name = Release;
		};
		F3A633951F52EA160042DA3E /* Debug */ = {
			isa = XCBuildConfiguration;
			buildSettings = {
				ALWAYS_EMBED_SWIFT_STANDARD_LIBRARIES = YES;
				BUNDLE_LOADER = "$(TEST_HOST)";
				DEVELOPMENT_TEAM = FS3693577H;
				INFOPLIST_FILE = SafebookTests/Info.plist;
				LD_RUNPATH_SEARCH_PATHS = "$(inherited) @executable_path/Frameworks @loader_path/Frameworks";
				PRODUCT_BUNDLE_IDENTIFIER = SafebookApp.SafebookTests;
				PRODUCT_NAME = "$(TARGET_NAME)";
				SWIFT_SWIFT3_OBJC_INFERENCE = On;
				SWIFT_VERSION = 4.0;
				TEST_HOST = "$(BUILT_PRODUCTS_DIR)/Safebook.app/Safebook";
			};
			name = Debug;
		};
		F3A633961F52EA160042DA3E /* Release */ = {
			isa = XCBuildConfiguration;
			buildSettings = {
				ALWAYS_EMBED_SWIFT_STANDARD_LIBRARIES = YES;
				BUNDLE_LOADER = "$(TEST_HOST)";
				DEVELOPMENT_TEAM = FS3693577H;
				INFOPLIST_FILE = SafebookTests/Info.plist;
				LD_RUNPATH_SEARCH_PATHS = "$(inherited) @executable_path/Frameworks @loader_path/Frameworks";
				PRODUCT_BUNDLE_IDENTIFIER = SafebookApp.SafebookTests;
				PRODUCT_NAME = "$(TARGET_NAME)";
				SWIFT_SWIFT3_OBJC_INFERENCE = On;
				SWIFT_VERSION = 4.0;
				TEST_HOST = "$(BUILT_PRODUCTS_DIR)/Safebook.app/Safebook";
			};
			name = Release;
		};
		F3A633981F52EA160042DA3E /* Debug */ = {
			isa = XCBuildConfiguration;
			buildSettings = {
				ALWAYS_EMBED_SWIFT_STANDARD_LIBRARIES = YES;
				DEVELOPMENT_TEAM = FS3693577H;
				INFOPLIST_FILE = SafebookUITests/Info.plist;
				LD_RUNPATH_SEARCH_PATHS = "$(inherited) @executable_path/Frameworks @loader_path/Frameworks";
				PRODUCT_BUNDLE_IDENTIFIER = SafebookApp.SafebookUITests;
				PRODUCT_NAME = "$(TARGET_NAME)";
				SWIFT_SWIFT3_OBJC_INFERENCE = On;
				SWIFT_VERSION = 4.0;
				TEST_TARGET_NAME = Safebook;
			};
			name = Debug;
		};
		F3A633991F52EA160042DA3E /* Release */ = {
			isa = XCBuildConfiguration;
			buildSettings = {
				ALWAYS_EMBED_SWIFT_STANDARD_LIBRARIES = YES;
				DEVELOPMENT_TEAM = FS3693577H;
				INFOPLIST_FILE = SafebookUITests/Info.plist;
				LD_RUNPATH_SEARCH_PATHS = "$(inherited) @executable_path/Frameworks @loader_path/Frameworks";
				PRODUCT_BUNDLE_IDENTIFIER = SafebookApp.SafebookUITests;
				PRODUCT_NAME = "$(TARGET_NAME)";
				SWIFT_SWIFT3_OBJC_INFERENCE = On;
				SWIFT_VERSION = 4.0;
				TEST_TARGET_NAME = Safebook;
			};
			name = Release;
		};
/* End XCBuildConfiguration section */

/* Begin XCConfigurationList section */
		F3A633641F52EA160042DA3E /* Build configuration list for PBXProject "Safebook" */ = {
			isa = XCConfigurationList;
			buildConfigurations = (
				F3A6338F1F52EA160042DA3E /* Debug */,
				F3A633901F52EA160042DA3E /* Release */,
			);
			defaultConfigurationIsVisible = 0;
			defaultConfigurationName = Release;
		};
		F3A633911F52EA160042DA3E /* Build configuration list for PBXNativeTarget "Safebook" */ = {
			isa = XCConfigurationList;
			buildConfigurations = (
				F3A633921F52EA160042DA3E /* Debug */,
				F3A633931F52EA160042DA3E /* Release */,
			);
			defaultConfigurationIsVisible = 0;
			defaultConfigurationName = Release;
		};
		F3A633941F52EA160042DA3E /* Build configuration list for PBXNativeTarget "SafebookTests" */ = {
			isa = XCConfigurationList;
			buildConfigurations = (
				F3A633951F52EA160042DA3E /* Debug */,
				F3A633961F52EA160042DA3E /* Release */,
			);
			defaultConfigurationIsVisible = 0;
			defaultConfigurationName = Release;
		};
		F3A633971F52EA160042DA3E /* Build configuration list for PBXNativeTarget "SafebookUITests" */ = {
			isa = XCConfigurationList;
			buildConfigurations = (
				F3A633981F52EA160042DA3E /* Debug */,
				F3A633991F52EA160042DA3E /* Release */,
			);
			defaultConfigurationIsVisible = 0;
			defaultConfigurationName = Release;
		};
/* End XCConfigurationList section */
	};
	rootObject = F3A633611F52EA160042DA3E /* Project object */;
}
